
Microsoft Visual Studio Solution File, Format Version 12.00
# Visual Studio Version 17
VisualStudioVersion = 17.7.34202.233
MinimumVisualStudioVersion = 10.0.40219.1
Project("{9A19103F-16F7-4668-BE54-9A1E7A4F7556}") = "BeierholmWPF", "BeierholmWPF\BeierholmWPF.csproj", "{50956425-02FE-43DB-8ABE-4A0E48F56DCA}"
EndProject
Global
	GlobalSection(SolutionConfigurationPlatforms) = preSolution
		Debug|Any CPU = Debug|Any CPU
		Release|Any CPU = Release|Any CPU
	EndGlobalSection
	GlobalSection(ProjectConfigurationPlatforms) = postSolution
		{50956425-02FE-43DB-8ABE-4A0E48F56DCA}.Debug|Any CPU.ActiveCfg = Debug|Any CPU
		{50956425-02FE-43DB-8ABE-4A0E48F56DCA}.Debug|Any CPU.Build.0 = Debug|Any CPU
		{50956425-02FE-43DB-8ABE-4A0E48F56DCA}.Release|Any CPU.ActiveCfg = Release|Any CPU
		{50956425-02FE-43DB-8ABE-4A0E48F56DCA}.Release|Any CPU.Build.0 = Release|Any CPU
	EndGlobalSection
	GlobalSection(SolutionProperties) = preSolution
		HideSolutionNode = FALSE
	EndGlobalSection
	GlobalSection(ExtensibilityGlobals) = postSolution
		SolutionGuid = {24F01FBD-F387-44A2-9182-CBB6E849DCCF}
	EndGlobalSection
EndGlobal
